
Microsoft Visual Studio Solution File, Format Version 12.00
# Visual Studio Version 16
VisualStudioVersion = 16.0.29926.136
MinimumVisualStudioVersion = 10.0.40219.1
Project("{FAE04EC0-301F-11D3-BF4B-00C04F79EFBC}") = "FirstOption", "FirstOption\FirstOption.csproj", "{1C4EB4B6-1A22-4058-9415-C3D34EC02F1A}"
EndProject
Project("{FAE04EC0-301F-11D3-BF4B-00C04F79EFBC}") = "SecondOption", "SecondOption\SecondOption.csproj", "{F9BA967F-93C6-4856-8769-DE7015C735E4}"
EndProject
Global
	GlobalSection(SolutionConfigurationPlatforms) = preSolution
		Debug|Any CPU = Debug|Any CPU
		Release|Any CPU = Release|Any CPU
	EndGlobalSection
	GlobalSection(ProjectConfigurationPlatforms) = postSolution
		{1C4EB4B6-1A22-4058-9415-C3D34EC02F1A}.Debug|Any CPU.ActiveCfg = Debug|Any CPU
		{1C4EB4B6-1A22-4058-9415-C3D34EC02F1A}.Debug|Any CPU.Build.0 = Debug|Any CPU
		{1C4EB4B6-1A22-4058-9415-C3D34EC02F1A}.Release|Any CPU.ActiveCfg = Release|Any CPU
		{1C4EB4B6-1A22-4058-9415-C3D34EC02F1A}.Release|Any CPU.Build.0 = Release|Any CPU
		{F9BA967F-93C6-4856-8769-DE7015C735E4}.Debug|Any CPU.ActiveCfg = Debug|Any CPU
		{F9BA967F-93C6-4856-8769-DE7015C735E4}.Debug|Any CPU.Build.0 = Debug|Any CPU
		{F9BA967F-93C6-4856-8769-DE7015C735E4}.Release|Any CPU.ActiveCfg = Release|Any CPU
		{F9BA967F-93C6-4856-8769-DE7015C735E4}.Release|Any CPU.Build.0 = Release|Any CPU
	EndGlobalSection
	GlobalSection(SolutionProperties) = preSolution
		HideSolutionNode = FALSE
	EndGlobalSection
	GlobalSection(ExtensibilityGlobals) = postSolution
		SolutionGuid = {D8CEBCB4-6BB1-45D4-9F35-1B1FF336CB98}
	EndGlobalSection
EndGlobal
